
Microsoft Visual Studio Solution File, Format Version 12.00
# Visual Studio 2012
Project("{FAE04EC0-301F-11D3-BF4B-00C04F79EFBC}") = "AlchemyTest", "AlchemyTest\AlchemyTest.csproj", "{0BAFA04B-24F5-4B9D-BB4D-1DBF63985C72}"
EndProject
Project("{FAE04EC0-301F-11D3-BF4B-00C04F79EFBC}") = "SuperWebSocketTest", "SuperWebSocketTest\SuperWebSocketTest.csproj", "{71582B19-D7B3-4749-B1C2-74F72E10BA99}"
EndProject
Project("{FAE04EC0-301F-11D3-BF4B-00C04F79EFBC}") = "TypeScriptTest", "TypeScriptTest\TypeScriptTest.csproj", "{0BA78AC9-11CB-4F20-B8C2-E7D3F42AAE07}"
EndProject
Global
	GlobalSection(SolutionConfigurationPlatforms) = preSolution
		Debug|Any CPU = Debug|Any CPU
		Release|Any CPU = Release|Any CPU
	EndGlobalSection
	GlobalSection(ProjectConfigurationPlatforms) = postSolution
		{0BAFA04B-24F5-4B9D-BB4D-1DBF63985C72}.Debug|Any CPU.ActiveCfg = Debug|Any CPU
		{0BAFA04B-24F5-4B9D-BB4D-1DBF63985C72}.Debug|Any CPU.Build.0 = Debug|Any CPU
		{0BAFA04B-24F5-4B9D-BB4D-1DBF63985C72}.Release|Any CPU.ActiveCfg = Release|Any CPU
		{0BAFA04B-24F5-4B9D-BB4D-1DBF63985C72}.Release|Any CPU.Build.0 = Release|Any CPU
		{71582B19-D7B3-4749-B1C2-74F72E10BA99}.Debug|Any CPU.ActiveCfg = Debug|Any CPU
		{71582B19-D7B3-4749-B1C2-74F72E10BA99}.Debug|Any CPU.Build.0 = Debug|Any CPU
		{71582B19-D7B3-4749-B1C2-74F72E10BA99}.Release|Any CPU.ActiveCfg = Release|Any CPU
		{71582B19-D7B3-4749-B1C2-74F72E10BA99}.Release|Any CPU.Build.0 = Release|Any CPU
		{0BA78AC9-11CB-4F20-B8C2-E7D3F42AAE07}.Debug|Any CPU.ActiveCfg = Debug|Any CPU
		{0BA78AC9-11CB-4F20-B8C2-E7D3F42AAE07}.Debug|Any CPU.Build.0 = Debug|Any CPU
		{0BA78AC9-11CB-4F20-B8C2-E7D3F42AAE07}.Release|Any CPU.ActiveCfg = Release|Any CPU
		{0BA78AC9-11CB-4F20-B8C2-E7D3F42AAE07}.Release|Any CPU.Build.0 = Release|Any CPU
	EndGlobalSection
	GlobalSection(SolutionProperties) = preSolution
		HideSolutionNode = FALSE
	EndGlobalSection
EndGlobal
