
Microsoft Visual Studio Solution File, Format Version 12.00
# Visual Studio 2012
Project("{FAE04EC0-301F-11D3-BF4B-00C04F79EFBC}") = "AlchemyTest", "Tests\AlchemyTest\AlchemyTest.csproj", "{0BAFA04B-24F5-4B9D-BB4D-1DBF63985C72}"
EndProject
Project("{FAE04EC0-301F-11D3-BF4B-00C04F79EFBC}") = "SuperWebSocketTest", "Tests\SuperWebSocketTest\SuperWebSocketTest.csproj", "{71582B19-D7B3-4749-B1C2-74F72E10BA99}"
EndProject
Project("{FAE04EC0-301F-11D3-BF4B-00C04F79EFBC}") = "TypeScriptTest", "Tests\TypeScriptTest\TypeScriptTest.csproj", "{0BA78AC9-11CB-4F20-B8C2-E7D3F42AAE07}"
EndProject
Project("{FAE04EC0-301F-11D3-BF4B-00C04F79EFBC}") = "JSONTest", "Tests\JSONTest\JSONTest.csproj", "{F16ACE84-F4BB-497F-8F1B-41F27840917F}"
EndProject
Project("{2150E333-8FDC-42A3-9474-1A3956D46DE8}") = "Tests", "Tests", "{407A2FED-919E-450C-8477-FE29C90D30ED}"
EndProject
Project("{FAE04EC0-301F-11D3-BF4B-00C04F79EFBC}") = "SHA3Test", "Tests\SHA3Test\SHA3Test.csproj", "{BE963C13-7D73-421C-BDA1-207C1DB843ED}"
EndProject
Project("{FAE04EC0-301F-11D3-BF4B-00C04F79EFBC}") = "PersonaTest", "Tests\PersonaTest\PersonaTest.csproj", "{7374ACC5-C9AB-4A02-BE8D-5F2CD31C14A3}"
EndProject
Project("{FAE04EC0-301F-11D3-BF4B-00C04F79EFBC}") = "PersonaServer", "PersonaServer\PersonaServer.csproj", "{BFF06C5D-7A23-4B83-AF98-ADAD27E03E30}"
EndProject
Global
	GlobalSection(SolutionConfigurationPlatforms) = preSolution
		Debug|Any CPU = Debug|Any CPU
		Release|Any CPU = Release|Any CPU
	EndGlobalSection
	GlobalSection(ProjectConfigurationPlatforms) = postSolution
		{0BAFA04B-24F5-4B9D-BB4D-1DBF63985C72}.Debug|Any CPU.ActiveCfg = Debug|Any CPU
		{0BAFA04B-24F5-4B9D-BB4D-1DBF63985C72}.Debug|Any CPU.Build.0 = Debug|Any CPU
		{0BAFA04B-24F5-4B9D-BB4D-1DBF63985C72}.Release|Any CPU.ActiveCfg = Release|Any CPU
		{0BAFA04B-24F5-4B9D-BB4D-1DBF63985C72}.Release|Any CPU.Build.0 = Release|Any CPU
		{71582B19-D7B3-4749-B1C2-74F72E10BA99}.Debug|Any CPU.ActiveCfg = Debug|Any CPU
		{71582B19-D7B3-4749-B1C2-74F72E10BA99}.Release|Any CPU.ActiveCfg = Release|Any CPU
		{71582B19-D7B3-4749-B1C2-74F72E10BA99}.Release|Any CPU.Build.0 = Release|Any CPU
		{0BA78AC9-11CB-4F20-B8C2-E7D3F42AAE07}.Debug|Any CPU.ActiveCfg = Debug|Any CPU
		{0BA78AC9-11CB-4F20-B8C2-E7D3F42AAE07}.Release|Any CPU.ActiveCfg = Release|Any CPU
		{0BA78AC9-11CB-4F20-B8C2-E7D3F42AAE07}.Release|Any CPU.Build.0 = Release|Any CPU
		{F16ACE84-F4BB-497F-8F1B-41F27840917F}.Debug|Any CPU.ActiveCfg = Debug|Any CPU
		{F16ACE84-F4BB-497F-8F1B-41F27840917F}.Debug|Any CPU.Build.0 = Debug|Any CPU
		{F16ACE84-F4BB-497F-8F1B-41F27840917F}.Release|Any CPU.ActiveCfg = Release|Any CPU
		{F16ACE84-F4BB-497F-8F1B-41F27840917F}.Release|Any CPU.Build.0 = Release|Any CPU
		{BE963C13-7D73-421C-BDA1-207C1DB843ED}.Debug|Any CPU.ActiveCfg = Debug|Any CPU
		{BE963C13-7D73-421C-BDA1-207C1DB843ED}.Debug|Any CPU.Build.0 = Debug|Any CPU
		{BE963C13-7D73-421C-BDA1-207C1DB843ED}.Release|Any CPU.ActiveCfg = Release|Any CPU
		{BE963C13-7D73-421C-BDA1-207C1DB843ED}.Release|Any CPU.Build.0 = Release|Any CPU
		{7374ACC5-C9AB-4A02-BE8D-5F2CD31C14A3}.Debug|Any CPU.ActiveCfg = Debug|Any CPU
		{7374ACC5-C9AB-4A02-BE8D-5F2CD31C14A3}.Debug|Any CPU.Build.0 = Debug|Any CPU
		{7374ACC5-C9AB-4A02-BE8D-5F2CD31C14A3}.Release|Any CPU.ActiveCfg = Release|Any CPU
		{7374ACC5-C9AB-4A02-BE8D-5F2CD31C14A3}.Release|Any CPU.Build.0 = Release|Any CPU
		{BFF06C5D-7A23-4B83-AF98-ADAD27E03E30}.Debug|Any CPU.ActiveCfg = Debug|Any CPU
		{BFF06C5D-7A23-4B83-AF98-ADAD27E03E30}.Debug|Any CPU.Build.0 = Debug|Any CPU
		{BFF06C5D-7A23-4B83-AF98-ADAD27E03E30}.Release|Any CPU.ActiveCfg = Release|Any CPU
		{BFF06C5D-7A23-4B83-AF98-ADAD27E03E30}.Release|Any CPU.Build.0 = Release|Any CPU
	EndGlobalSection
	GlobalSection(SolutionProperties) = preSolution
		HideSolutionNode = FALSE
	EndGlobalSection
	GlobalSection(NestedProjects) = preSolution
		{71582B19-D7B3-4749-B1C2-74F72E10BA99} = {407A2FED-919E-450C-8477-FE29C90D30ED}
		{0BA78AC9-11CB-4F20-B8C2-E7D3F42AAE07} = {407A2FED-919E-450C-8477-FE29C90D30ED}
		{F16ACE84-F4BB-497F-8F1B-41F27840917F} = {407A2FED-919E-450C-8477-FE29C90D30ED}
		{0BAFA04B-24F5-4B9D-BB4D-1DBF63985C72} = {407A2FED-919E-450C-8477-FE29C90D30ED}
		{BE963C13-7D73-421C-BDA1-207C1DB843ED} = {407A2FED-919E-450C-8477-FE29C90D30ED}
		{7374ACC5-C9AB-4A02-BE8D-5F2CD31C14A3} = {407A2FED-919E-450C-8477-FE29C90D30ED}
		{BFF06C5D-7A23-4B83-AF98-ADAD27E03E30} = {407A2FED-919E-450C-8477-FE29C90D30ED}
	EndGlobalSection
EndGlobal
